<Solution>
  <Configurations>
    <Platform Name="Any CPU" />
    <Platform Name="x64" />
    <Platform Name="x86" />
  </Configurations>
  <Folder Name="/src/">
    <Project Path="src/Cratebase.Api/Cratebase.Api.csproj" />
    <Project Path="src/Cratebase.Application/Cratebase.Application.csproj" />
    <Project Path="src/Cratebase.Domain/Cratebase.Domain.csproj" />
    <Project Path="src/Cratebase.Infrastructure/Cratebase.Infrastructure.csproj" />
    <Project Path="src/Cratebase.Importing/Cratebase.Importing.csproj" />
  </Folder>
  <Folder Name="/tests/">
    <Project Path="tests/Cratebase.Api.Tests/Cratebase.Api.Tests.csproj" />
    <Project Path="tests/Cratebase.Domain.Tests/Cratebase.Domain.Tests.csproj" />
    <Project Path="tests/Cratebase.Infrastructure.Tests/Cratebase.Infrastructure.Tests.csproj" />
  </Folder>
</Solution>
